{
  "name": "8base-cli-types",
  "version": "0.3.3",
  "lockfileVersion": 2,
  "requires": true,
  "packages": {
    "": {
      "name": "8base-cli-types",
      "version": "0.3.3",
      "license": "MIT",
      "dependencies": {
        "@graphql-typed-document-node/core": "^3.1.0",
        "graphql": "^15.3.0"
      },
      "devDependencies": {
        "@types/node": "^14.18.12",
        "typescript": "^4.0.3"
      }
    },
    "node_modules/@graphql-typed-document-node/core": {
      "version": "3.1.0",
      "resolved": "https://registry.npmjs.org/@graphql-typed-document-node/core/-/core-3.1.0.tgz",
      "integrity": "sha512-wYn6r8zVZyQJ6rQaALBEln5B1pzxb9shV5Ef97kTvn6yVGrqyXVnDqnU24MXnFubR+rZjBY9NWuxX3FB2sTsjg==",
      "peerDependencies": {
        "graphql": "^0.8.0 || ^0.9.0 || ^0.10.0 || ^0.11.0 || ^0.12.0 || ^0.13.0 || ^14.0.0 || ^15.0.0"
      }
    },
    "node_modules/@types/node": {
      "version": "14.18.12",
      "resolved": "https://registry.npmjs.org/@types/node/-/node-14.18.12.tgz",
      "integrity": "sha512-q4jlIR71hUpWTnGhXWcakgkZeHa3CCjcQcnuzU8M891BAWA2jHiziiWEPEkdS5pFsz7H9HJiy8BrK7tBRNrY7A==",
      "dev": true
    },
    "node_modules/graphql": {
      "version": "15.3.0",
      "resolved": "https://registry.npmjs.org/graphql/-/graphql-15.3.0.tgz",
      "integrity": "sha512-GTCJtzJmkFLWRfFJuoo9RWWa/FfamUHgiFosxi/X1Ani4AVWbeyBenZTNX6dM+7WSbbFfTo/25eh0LLkwHMw2w==",
      "engines": {
        "node": ">= 10.x"
      }
    },
    "node_modules/typescript": {
      "version": "4.0.3",
      "resolved": "https://registry.npmjs.org/typescript/-/typescript-4.0.3.tgz",
      "integrity": "sha512-tEu6DGxGgRJPb/mVPIZ48e69xCn2yRmCgYmDugAVwmJ6o+0u1RI18eO7E7WBTLYLaEVVOhwQmcdhQHweux/WPg==",
      "dev": true,
      "bin": {
        "tsc": "bin/tsc",
        "tsserver": "bin/tsserver"
      },
      "engines": {
        "node": ">=4.2.0"
      }
    }
  },
  "dependencies": {
    "@graphql-typed-document-node/core": {
      "version": "3.1.0",
      "resolved": "https://registry.npmjs.org/@graphql-typed-document-node/core/-/core-3.1.0.tgz",
      "integrity": "sha512-wYn6r8zVZyQJ6rQaALBEln5B1pzxb9shV5Ef97kTvn6yVGrqyXVnDqnU24MXnFubR+rZjBY9NWuxX3FB2sTsjg==",
      "requires": {}
    },
    "@types/node": {
      "version": "14.18.12",
      "resolved": "https://registry.npmjs.org/@types/node/-/node-14.18.12.tgz",
      "integrity": "sha512-q4jlIR71hUpWTnGhXWcakgkZeHa3CCjcQcnuzU8M891BAWA2jHiziiWEPEkdS5pFsz7H9HJiy8BrK7tBRNrY7A==",
      "dev": true
    },
    "graphql": {
      "version": "15.3.0",
      "resolved": "https://registry.npmjs.org/graphql/-/graphql-15.3.0.tgz",
      "integrity": "sha512-GTCJtzJmkFLWRfFJuoo9RWWa/FfamUHgiFosxi/X1Ani4AVWbeyBenZTNX6dM+7WSbbFfTo/25eh0LLkwHMw2w=="
    },
    "typescript": {
      "version": "4.0.3",
      "resolved": "https://registry.npmjs.org/typescript/-/typescript-4.0.3.tgz",
      "integrity": "sha512-tEu6DGxGgRJPb/mVPIZ48e69xCn2yRmCgYmDugAVwmJ6o+0u1RI18eO7E7WBTLYLaEVVOhwQmcdhQHweux/WPg==",
      "dev": true
    }
  }
}
